// !$*UTF8*$!
{
	archiveVersion = 1;
	classes = {
	};
	objectVersion = 56;
	objects = {

/* Begin PBXBuildFile section */
		E00ECF262B9021D200D1DBAA /* AppDelegate.swift in Sources */ = {isa = PBXBuildFile; fileRef = E00ECF252B9021D200D1DBAA /* AppDelegate.swift */; };
		E00ECF282B9021D200D1DBAA /* SceneDelegate.swift in Sources */ = {isa = PBXBuildFile; fileRef = E00ECF272B9021D200D1DBAA /* SceneDelegate.swift */; };
		E00ECF2A2B9021D200D1DBAA /* ViewController.swift in Sources */ = {isa = PBXBuildFile; fileRef = E00ECF292B9021D200D1DBAA /* ViewController.swift */; };
		E00ECF2D2B9021D200D1DBAA /* Main.storyboard in Resources */ = {isa = PBXBuildFile; fileRef = E00ECF2B2B9021D200D1DBAA /* Main.storyboard */; };
		E00ECF2F2B9021D500D1DBAA /* Assets.xcassets in Resources */ = {isa = PBXBuildFile; fileRef = E00ECF2E2B9021D500D1DBAA /* Assets.xcassets */; };
		E00ECF322B9021D500D1DBAA /* LaunchScreen.storyboard in Resources */ = {isa = PBXBuildFile; fileRef = E00ECF302B9021D500D1DBAA /* LaunchScreen.storyboard */; };
		E00ECF3D2B9021D500D1DBAA /* NotesTests.swift in Sources */ = {isa = PBXBuildFile; fileRef = E00ECF3C2B9021D500D1DBAA /* NotesTests.swift */; };
		E00ECF472B9021D500D1DBAA /* NotesUITests.swift in Sources */ = {isa = PBXBuildFile; fileRef = E00ECF462B9021D500D1DBAA /* NotesUITests.swift */; };
		E00ECF492B9021D500D1DBAA /* NotesUITestsLaunchTests.swift in Sources */ = {isa = PBXBuildFile; fileRef = E00ECF482B9021D500D1DBAA /* NotesUITestsLaunchTests.swift */; };
/* End PBXBuildFile section */

/* Begin PBXContainerItemProxy section */
		E00ECF392B9021D500D1DBAA /* PBXContainerItemProxy */ = {
			isa = PBXContainerItemProxy;
			containerPortal = E00ECF1A2B9021D200D1DBAA /* Project object */;
			proxyType = 1;
			remoteGlobalIDString = E00ECF212B9021D200D1DBAA;
			remoteInfo = Notes;
		};
		E00ECF432B9021D500D1DBAA /* PBXContainerItemProxy */ = {
			isa = PBXContainerItemProxy;
			containerPortal = E00ECF1A2B9021D200D1DBAA /* Project object */;
			proxyType = 1;
			remoteGlobalIDString = E00ECF212B9021D200D1DBAA;
			remoteInfo = Notes;
		};
/* End PBXContainerItemProxy section */

/* Begin PBXFileReference section */
		E00ECF222B9021D200D1DBAA /* Notes.app */ = {isa = PBXFileReference; explicitFileType = wrapper.application; includeInIndex = 0; path = Notes.app; sourceTree = BUILT_PRODUCTS_DIR; };
		E00ECF252B9021D200D1DBAA /* AppDelegate.swift */ = {isa = PBXFileReference; lastKnownFileType = sourcecode.swift; path = AppDelegate.swift; sourceTree = "<group>"; };
		E00ECF272B9021D200D1DBAA /* SceneDelegate.swift */ = {isa = PBXFileReference; lastKnownFileType = sourcecode.swift; path = SceneDelegate.swift; sourceTree = "<group>"; };
		E00ECF292B9021D200D1DBAA /* ViewController.swift */ = {isa = PBXFileReference; lastKnownFileType = sourcecode.swift; path = ViewController.swift; sourceTree = "<group>"; };
		E00ECF2C2B9021D200D1DBAA /* Base */ = {isa = PBXFileReference; lastKnownFileType = file.storyboard; name = Base; path = Base.lproj/Main.storyboard; sourceTree = "<group>"; };
		E00ECF2E2B9021D500D1DBAA /* Assets.xcassets */ = {isa = PBXFileReference; lastKnownFileType = folder.assetcatalog; path = Assets.xcassets; sourceTree = "<group>"; };
		E00ECF312B9021D500D1DBAA /* Base */ = {isa = PBXFileReference; lastKnownFileType = file.storyboard; name = Base; path = Base.lproj/LaunchScreen.storyboard; sourceTree = "<group>"; };
		E00ECF332B9021D500D1DBAA /* Info.plist */ = {isa = PBXFileReference; lastKnownFileType = text.plist.xml; path = Info.plist; sourceTree = "<group>"; };
		E00ECF382B9021D500D1DBAA /* NotesTests.xctest */ = {isa = PBXFileReference; explicitFileType = wrapper.cfbundle; includeInIndex = 0; path = NotesTests.xctest; sourceTree = BUILT_PRODUCTS_DIR; };
		E00ECF3C2B9021D500D1DBAA /* NotesTests.swift */ = {isa = PBXFileReference; lastKnownFileType = sourcecode.swift; path = NotesTests.swift; sourceTree = "<group>"; };
		E00ECF422B9021D500D1DBAA /* NotesUITests.xctest */ = {isa = PBXFileReference; explicitFileType = wrapper.cfbundle; includeInIndex = 0; path = NotesUITests.xctest; sourceTree = BUILT_PRODUCTS_DIR; };
		E00ECF462B9021D500D1DBAA /* NotesUITests.swift */ = {isa = PBXFileReference; lastKnownFileType = sourcecode.swift; path = NotesUITests.swift; sourceTree = "<group>"; };
		E00ECF482B9021D500D1DBAA /* NotesUITestsLaunchTests.swift */ = {isa = PBXFileReference; lastKnownFileType = sourcecode.swift; path = NotesUITestsLaunchTests.swift; sourceTree = "<group>"; };
/* End PBXFileReference section */

/* Begin PBXFrameworksBuildPhase section */
		E00ECF1F2B9021D200D1DBAA /* Frameworks */ = {
			isa = PBXFrameworksBuildPhase;
			buildActionMask = 2147483647;
			files = (
			);
			runOnlyForDeploymentPostprocessing = 0;
		};
		E00ECF352B9021D500D1DBAA /* Frameworks */ = {
			isa = PBXFrameworksBuildPhase;
			buildActionMask = 2147483647;
			files = (
			);
			runOnlyForDeploymentPostprocessing = 0;
		};
		E00ECF3F2B9021D500D1DBAA /* Frameworks */ = {
			isa = PBXFrameworksBuildPhase;
			buildActionMask = 2147483647;
			files = (
			);
			runOnlyForDeploymentPostprocessing = 0;
		};
/* End PBXFrameworksBuildPhase section */

/* Begin PBXGroup section */
		E00ECF192B9021D200D1DBAA = {
			isa = PBXGroup;
			children = (
				E00ECF242B9021D200D1DBAA /* Notes */,
				E00ECF3B2B9021D500D1DBAA /* NotesTests */,
				E00ECF452B9021D500D1DBAA /* NotesUITests */,
				E00ECF232B9021D200D1DBAA /* Products */,
			);
			sourceTree = "<group>";
		};
		E00ECF232B9021D200D1DBAA /* Products */ = {
			isa = PBXGroup;
			children = (
				E00ECF222B9021D200D1DBAA /* Notes.app */,
				E00ECF382B9021D500D1DBAA /* NotesTests.xctest */,
				E00ECF422B9021D500D1DBAA /* NotesUITests.xctest */,
			);
			name = Products;
			sourceTree = "<group>";
		};
		E00ECF242B9021D200D1DBAA /* Notes */ = {
			isa = PBXGroup;
			children = (
				E00ECF252B9021D200D1DBAA /* AppDelegate.swift */,
				E00ECF272B9021D200D1DBAA /* SceneDelegate.swift */,
				E00ECF292B9021D200D1DBAA /* ViewController.swift */,
				E00ECF2B2B9021D200D1DBAA /* Main.storyboard */,
				E00ECF2E2B9021D500D1DBAA /* Assets.xcassets */,
				E00ECF302B9021D500D1DBAA /* LaunchScreen.storyboard */,
				E00ECF332B9021D500D1DBAA /* Info.plist */,
			);
			path = Notes;
			sourceTree = "<group>";
		};
		E00ECF3B2B9021D500D1DBAA /* NotesTests */ = {
			isa = PBXGroup;
			children = (
				E00ECF3C2B9021D500D1DBAA /* NotesTests.swift */,
			);
			path = NotesTests;
			sourceTree = "<group>";
		};
		E00ECF452B9021D500D1DBAA /* NotesUITests */ = {
			isa = PBXGroup;
			children = (
				E00ECF462B9021D500D1DBAA /* NotesUITests.swift */,
				E00ECF482B9021D500D1DBAA /* NotesUITestsLaunchTests.swift */,
			);
			path = NotesUITests;
			sourceTree = "<group>";
		};
/* End PBXGroup section */

/* Begin PBXNativeTarget section */
		E00ECF212B9021D200D1DBAA /* Notes */ = {
			isa = PBXNativeTarget;
			buildConfigurationList = E00ECF4C2B9021D500D1DBAA /* Build configuration list for PBXNativeTarget "Notes" */;
			buildPhases = (
				E00ECF1E2B9021D200D1DBAA /* Sources */,
				E00ECF1F2B9021D200D1DBAA /* Frameworks */,
				E00ECF202B9021D200D1DBAA /* Resources */,
			);
			buildRules = (
			);
			dependencies = (
			);
			name = Notes;
			productName = Notes;
			productReference = E00ECF222B9021D200D1DBAA /* Notes.app */;
			productType = "com.apple.product-type.application";
		};
		E00ECF372B9021D500D1DBAA /* NotesTests */ = {
			isa = PBXNativeTarget;
			buildConfigurationList = E00ECF4F2B9021D500D1DBAA /* Build configuration list for PBXNativeTarget "NotesTests" */;
			buildPhases = (
				E00ECF342B9021D500D1DBAA /* Sources */,
				E00ECF352B9021D500D1DBAA /* Frameworks */,
				E00ECF362B9021D500D1DBAA /* Resources */,
			);
			buildRules = (
			);
			dependencies = (
				E00ECF3A2B9021D500D1DBAA /* PBXTargetDependency */,
			);
			name = NotesTests;
			productName = NotesTests;
			productReference = E00ECF382B9021D500D1DBAA /* NotesTests.xctest */;
			productType = "com.apple.product-type.bundle.unit-test";
		};
		E00ECF412B9021D500D1DBAA /* NotesUITests */ = {
			isa = PBXNativeTarget;
			buildConfigurationList = E00ECF522B9021D500D1DBAA /* Build configuration list for PBXNativeTarget "NotesUITests" */;
			buildPhases = (
				E00ECF3E2B9021D500D1DBAA /* Sources */,
				E00ECF3F2B9021D500D1DBAA /* Frameworks */,
				E00ECF402B9021D500D1DBAA /* Resources */,
			);
			buildRules = (
			);
			dependencies = (
				E00ECF442B9021D500D1DBAA /* PBXTargetDependency */,
			);
			name = NotesUITests;
			productName = NotesUITests;
			productReference = E00ECF422B9021D500D1DBAA /* NotesUITests.xctest */;
			productType = "com.apple.product-type.bundle.ui-testing";
		};
/* End PBXNativeTarget section */

/* Begin PBXProject section */
		E00ECF1A2B9021D200D1DBAA /* Project object */ = {
			isa = PBXProject;
			attributes = {
				BuildIndependentTargetsInParallel = 1;
				LastSwiftUpdateCheck = 1500;
				LastUpgradeCheck = 1500;
				TargetAttributes = {
					E00ECF212B9021D200D1DBAA = {
						CreatedOnToolsVersion = 15.0.1;
					};
					E00ECF372B9021D500D1DBAA = {
						CreatedOnToolsVersion = 15.0.1;
						TestTargetID = E00ECF212B9021D200D1DBAA;
					};
					E00ECF412B9021D500D1DBAA = {
						CreatedOnToolsVersion = 15.0.1;
						TestTargetID = E00ECF212B9021D200D1DBAA;
					};
				};
			};
			buildConfigurationList = E00ECF1D2B9021D200D1DBAA /* Build configuration list for PBXProject "Notes" */;
			compatibilityVersion = "Xcode 14.0";
			developmentRegion = en;
			hasScannedForEncodings = 0;
			knownRegions = (
				en,
				Base,
			);
			mainGroup = E00ECF192B9021D200D1DBAA;
			productRefGroup = E00ECF232B9021D200D1DBAA /* Products */;
			projectDirPath = "";
			projectRoot = "";
			targets = (
				E00ECF212B9021D200D1DBAA /* Notes */,
				E00ECF372B9021D500D1DBAA /* NotesTests */,
				E00ECF412B9021D500D1DBAA /* NotesUITests */,
			);
		};
/* End PBXProject section */

/* Begin PBXResourcesBuildPhase section */
		E00ECF202B9021D200D1DBAA /* Resources */ = {
			isa = PBXResourcesBuildPhase;
			buildActionMask = 2147483647;
			files = (
				E00ECF322B9021D500D1DBAA /* LaunchScreen.storyboard in Resources */,
				E00ECF2F2B9021D500D1DBAA /* Assets.xcassets in Resources */,
				E00ECF2D2B9021D200D1DBAA /* Main.storyboard in Resources */,
			);
			runOnlyForDeploymentPostprocessing = 0;
		};
		E00ECF362B9021D500D1DBAA /* Resources */ = {
			isa = PBXResourcesBuildPhase;
			buildActionMask = 2147483647;
			files = (
			);
			runOnlyForDeploymentPostprocessing = 0;
		};
		E00ECF402B9021D500D1DBAA /* Resources */ = {
			isa = PBXResourcesBuildPhase;
			buildActionMask = 2147483647;
			files = (
			);
			runOnlyForDeploymentPostprocessing = 0;
		};
/* End PBXResourcesBuildPhase section */

/* Begin PBXSourcesBuildPhase section */
		E00ECF1E2B9021D200D1DBAA /* Sources */ = {
			isa = PBXSourcesBuildPhase;
			buildActionMask = 2147483647;
			files = (
				E00ECF2A2B9021D200D1DBAA /* ViewController.swift in Sources */,
				E00ECF262B9021D200D1DBAA /* AppDelegate.swift in Sources */,
				E00ECF282B9021D200D1DBAA /* SceneDelegate.swift in Sources */,
			);
			runOnlyForDeploymentPostprocessing = 0;
		};
		E00ECF342B9021D500D1DBAA /* Sources */ = {
			isa = PBXSourcesBuildPhase;
			buildActionMask = 2147483647;
			files = (
				E00ECF3D2B9021D500D1DBAA /* NotesTests.swift in Sources */,
			);
			runOnlyForDeploymentPostprocessing = 0;
		};
		E00ECF3E2B9021D500D1DBAA /* Sources */ = {
			isa = PBXSourcesBuildPhase;
			buildActionMask = 2147483647;
			files = (
				E00ECF492B9021D500D1DBAA /* NotesUITestsLaunchTests.swift in Sources */,
				E00ECF472B9021D500D1DBAA /* NotesUITests.swift in Sources */,
			);
			runOnlyForDeploymentPostprocessing = 0;
		};
/* End PBXSourcesBuildPhase section */

/* Begin PBXTargetDependency section */
		E00ECF3A2B9021D500D1DBAA /* PBXTargetDependency */ = {
			isa = PBXTargetDependency;
			target = E00ECF212B9021D200D1DBAA /* Notes */;
			targetProxy = E00ECF392B9021D500D1DBAA /* PBXContainerItemProxy */;
		};
		E00ECF442B9021D500D1DBAA /* PBXTargetDependency */ = {
			isa = PBXTargetDependency;
			target = E00ECF212B9021D200D1DBAA /* Notes */;
			targetProxy = E00ECF432B9021D500D1DBAA /* PBXContainerItemProxy */;
		};
/* End PBXTargetDependency section */

/* Begin PBXVariantGroup section */
		E00ECF2B2B9021D200D1DBAA /* Main.storyboard */ = {
			isa = PBXVariantGroup;
			children = (
				E00ECF2C2B9021D200D1DBAA /* Base */,
			);
			name = Main.storyboard;
			sourceTree = "<group>";
		};
		E00ECF302B9021D500D1DBAA /* LaunchScreen.storyboard */ = {
			isa = PBXVariantGroup;
			children = (
				E00ECF312B9021D500D1DBAA /* Base */,
			);
			name = LaunchScreen.storyboard;
			sourceTree = "<group>";
		};
/* End PBXVariantGroup section */

/* Begin XCBuildConfiguration section */
		E00ECF4A2B9021D500D1DBAA /* Debug */ = {
			isa = XCBuildConfiguration;
			buildSettings = {
				ALWAYS_SEARCH_USER_PATHS = NO;
				ASSETCATALOG_COMPILER_GENERATE_SWIFT_ASSET_SYMBOL_EXTENSIONS = YES;
				CLANG_ANALYZER_NONNULL = YES;
				CLANG_ANALYZER_NUMBER_OBJECT_CONVERSION = YES_AGGRESSIVE;
				CLANG_CXX_LANGUAGE_STANDARD = "gnu++20";
				CLANG_ENABLE_MODULES = YES;
				CLANG_ENABLE_OBJC_ARC = YES;
				CLANG_ENABLE_OBJC_WEAK = YES;
				CLANG_WARN_BLOCK_CAPTURE_AUTORELEASING = YES;
				CLANG_WARN_BOOL_CONVERSION = YES;
				CLANG_WARN_COMMA = YES;
				CLANG_WARN_CONSTANT_CONVERSION = YES;
				CLANG_WARN_DEPRECATED_OBJC_IMPLEMENTATIONS = YES;
				CLANG_WARN_DIRECT_OBJC_ISA_USAGE = YES_ERROR;
				CLANG_WARN_DOCUMENTATION_COMMENTS = YES;
				CLANG_WARN_EMPTY_BODY = YES;
				CLANG_WARN_ENUM_CONVERSION = YES;
				CLANG_WARN_INFINITE_RECURSION = YES;
				CLANG_WARN_INT_CONVERSION = YES;
				CLANG_WARN_NON_LITERAL_NULL_CONVERSION = YES;
				CLANG_WARN_OBJC_IMPLICIT_RETAIN_SELF = YES;
				CLANG_WARN_OBJC_LITERAL_CONVERSION = YES;
				CLANG_WARN_OBJC_ROOT_CLASS = YES_ERROR;
				CLANG_WARN_QUOTED_INCLUDE_IN_FRAMEWORK_HEADER = YES;
				CLANG_WARN_RANGE_LOOP_ANALYSIS = YES;
				CLANG_WARN_STRICT_PROTOTYPES = YES;
				CLANG_WARN_SUSPICIOUS_MOVE = YES;
				CLANG_WARN_UNGUARDED_AVAILABILITY = YES_AGGRESSIVE;
				CLANG_WARN_UNREACHABLE_CODE = YES;
				CLANG_WARN__DUPLICATE_METHOD_MATCH = YES;
				COPY_PHASE_STRIP = NO;
				DEBUG_INFORMATION_FORMAT = dwarf;
				ENABLE_STRICT_OBJC_MSGSEND = YES;
				ENABLE_TESTABILITY = YES;
				ENABLE_USER_SCRIPT_SANDBOXING = YES;
				GCC_C_LANGUAGE_STANDARD = gnu17;
				GCC_DYNAMIC_NO_PIC = NO;
				GCC_NO_COMMON_BLOCKS = YES;
				GCC_OPTIMIZATION_LEVEL = 0;
				GCC_PREPROCESSOR_DEFINITIONS = (
					"DEBUG=1",
					"$(inherited)",
				);
				GCC_WARN_64_TO_32_BIT_CONVERSION = YES;
				GCC_WARN_ABOUT_RETURN_TYPE = YES_ERROR;
				GCC_WARN_UNDECLARED_SELECTOR = YES;
				GCC_WARN_UNINITIALIZED_AUTOS = YES_AGGRESSIVE;
				GCC_WARN_UNUSED_FUNCTION = YES;
				GCC_WARN_UNUSED_VARIABLE = YES;
				IPHONEOS_DEPLOYMENT_TARGET = 17.0;
				LOCALIZATION_PREFERS_STRING_CATALOGS = YES;
				MTL_ENABLE_DEBUG_INFO = INCLUDE_SOURCE;
				MTL_FAST_MATH = YES;
				ONLY_ACTIVE_ARCH = YES;
				SDKROOT = iphoneos;
				SWIFT_ACTIVE_COMPILATION_CONDITIONS = "DEBUG $(inherited)";
				SWIFT_OPTIMIZATION_LEVEL = "-Onone";
			};
			name = Debug;
		};
		E00ECF4B2B9021D500D1DBAA /* Release */ = {
			isa = XCBuildConfiguration;
			buildSettings = {
				ALWAYS_SEARCH_USER_PATHS = NO;
				ASSETCATALOG_COMPILER_GENERATE_SWIFT_ASSET_SYMBOL_EXTENSIONS = YES;
				CLANG_ANALYZER_NONNULL = YES;
				CLANG_ANALYZER_NUMBER_OBJECT_CONVERSION = YES_AGGRESSIVE;
				CLANG_CXX_LANGUAGE_STANDARD = "gnu++20";
				CLANG_ENABLE_MODULES = YES;
				CLANG_ENABLE_OBJC_ARC = YES;
				CLANG_ENABLE_OBJC_WEAK = YES;
				CLANG_WARN_BLOCK_CAPTURE_AUTORELEASING = YES;
				CLANG_WARN_BOOL_CONVERSION = YES;
				CLANG_WARN_COMMA = YES;
				CLANG_WARN_CONSTANT_CONVERSION = YES;
				CLANG_WARN_DEPRECATED_OBJC_IMPLEMENTATIONS = YES;
				CLANG_WARN_DIRECT_OBJC_ISA_USAGE = YES_ERROR;
				CLANG_WARN_DOCUMENTATION_COMMENTS = YES;
				CLANG_WARN_EMPTY_BODY = YES;
				CLANG_WARN_ENUM_CONVERSION = YES;
				CLANG_WARN_INFINITE_RECURSION = YES;
				CLANG_WARN_INT_CONVERSION = YES;
				CLANG_WARN_NON_LITERAL_NULL_CONVERSION = YES;
				CLANG_WARN_OBJC_IMPLICIT_RETAIN_SELF = YES;
				CLANG_WARN_OBJC_LITERAL_CONVERSION = YES;
				CLANG_WARN_OBJC_ROOT_CLASS = YES_ERROR;
				CLANG_WARN_QUOTED_INCLUDE_IN_FRAMEWORK_HEADER = YES;
				CLANG_WARN_RANGE_LOOP_ANALYSIS = YES;
				CLANG_WARN_STRICT_PROTOTYPES = YES;
				CLANG_WARN_SUSPICIOUS_MOVE = YES;
				CLANG_WARN_UNGUARDED_AVAILABILITY = YES_AGGRESSIVE;
				CLANG_WARN_UNREACHABLE_CODE = YES;
				CLANG_WARN__DUPLICATE_METHOD_MATCH = YES;
				COPY_PHASE_STRIP = NO;
				DEBUG_INFORMATION_FORMAT = "dwarf-with-dsym";
				ENABLE_NS_ASSERTIONS = NO;
				ENABLE_STRICT_OBJC_MSGSEND = YES;
				ENABLE_USER_SCRIPT_SANDBOXING = YES;
				GCC_C_LANGUAGE_STANDARD = gnu17;
				GCC_NO_COMMON_BLOCKS = YES;
				GCC_WARN_64_TO_32_BIT_CONVERSION = YES;
				GCC_WARN_ABOUT_RETURN_TYPE = YES_ERROR;
				GCC_WARN_UNDECLARED_SELECTOR = YES;
				GCC_WARN_UNINITIALIZED_AUTOS = YES_AGGRESSIVE;
				GCC_WARN_UNUSED_FUNCTION = YES;
				GCC_WARN_UNUSED_VARIABLE = YES;
				IPHONEOS_DEPLOYMENT_TARGET = 17.0;
				LOCALIZATION_PREFERS_STRING_CATALOGS = YES;
				MTL_ENABLE_DEBUG_INFO = NO;
				MTL_FAST_MATH = YES;
				SDKROOT = iphoneos;
				SWIFT_COMPILATION_MODE = wholemodule;
				VALIDATE_PRODUCT = YES;
			};
			name = Release;
		};
		E00ECF4D2B9021D500D1DBAA /* Debug */ = {
			isa = XCBuildConfiguration;
			buildSettings = {
				ASSETCATALOG_COMPILER_APPICON_NAME = AppIcon;
				ASSETCATALOG_COMPILER_GLOBAL_ACCENT_COLOR_NAME = AccentColor;
				CODE_SIGN_STYLE = Automatic;
				CURRENT_PROJECT_VERSION = 1;
				GENERATE_INFOPLIST_FILE = YES;
				INFOPLIST_FILE = Notes/Info.plist;
				INFOPLIST_KEY_UIApplicationSupportsIndirectInputEvents = YES;
				INFOPLIST_KEY_UILaunchStoryboardName = LaunchScreen;
				INFOPLIST_KEY_UIMainStoryboardFile = Main;
				INFOPLIST_KEY_UISupportedInterfaceOrientations_iPad = "UIInterfaceOrientationPortrait UIInterfaceOrientationPortraitUpsideDown UIInterfaceOrientationLandscapeLeft UIInterfaceOrientationLandscapeRight";
				INFOPLIST_KEY_UISupportedInterfaceOrientations_iPhone = "UIInterfaceOrientationPortrait UIInterfaceOrientationLandscapeLeft UIInterfaceOrientationLandscapeRight";
				LD_RUNPATH_SEARCH_PATHS = (
					"$(inherited)",
					"@executable_path/Frameworks",
				);
				MARKETING_VERSION = 1.0;
				PRODUCT_BUNDLE_IDENTIFIER = fd.Notes;
				PRODUCT_NAME = "$(TARGET_NAME)";
				SWIFT_EMIT_LOC_STRINGS = YES;
				SWIFT_VERSION = 5.0;
				TARGETED_DEVICE_FAMILY = "1,2";
			};
			name = Debug;
		};
		E00ECF4E2B9021D500D1DBAA /* Release */ = {
			isa = XCBuildConfiguration;
			buildSettings = {
				ASSETCATALOG_COMPILER_APPICON_NAME = AppIcon;
				ASSETCATALOG_COMPILER_GLOBAL_ACCENT_COLOR_NAME = AccentColor;
				CODE_SIGN_STYLE = Automatic;
				CURRENT_PROJECT_VERSION = 1;
				GENERATE_INFOPLIST_FILE = YES;
				INFOPLIST_FILE = Notes/Info.plist;
				INFOPLIST_KEY_UIApplicationSupportsIndirectInputEvents = YES;
				INFOPLIST_KEY_UILaunchStoryboardName = LaunchScreen;
				INFOPLIST_KEY_UIMainStoryboardFile = Main;
				INFOPLIST_KEY_UISupportedInterfaceOrientations_iPad = "UIInterfaceOrientationPortrait UIInterfaceOrientationPortraitUpsideDown UIInterfaceOrientationLandscapeLeft UIInterfaceOrientationLandscapeRight";
				INFOPLIST_KEY_UISupportedInterfaceOrientations_iPhone = "UIInterfaceOrientationPortrait UIInterfaceOrientationLandscapeLeft UIInterfaceOrientationLandscapeRight";
				LD_RUNPATH_SEARCH_PATHS = (
					"$(inherited)",
					"@executable_path/Frameworks",
				);
				MARKETING_VERSION = 1.0;
				PRODUCT_BUNDLE_IDENTIFIER = fd.Notes;
				PRODUCT_NAME = "$(TARGET_NAME)";
				SWIFT_EMIT_LOC_STRINGS = YES;
				SWIFT_VERSION = 5.0;
				TARGETED_DEVICE_FAMILY = "1,2";
			};
			name = Release;
		};
		E00ECF502B9021D500D1DBAA /* Debug */ = {
			isa = XCBuildConfiguration;
			buildSettings = {
				ALWAYS_EMBED_SWIFT_STANDARD_LIBRARIES = YES;
				BUNDLE_LOADER = "$(TEST_HOST)";
				CODE_SIGN_STYLE = Automatic;
				CURRENT_PROJECT_VERSION = 1;
				GENERATE_INFOPLIST_FILE = YES;
				IPHONEOS_DEPLOYMENT_TARGET = 17.0;
				MARKETING_VERSION = 1.0;
				PRODUCT_BUNDLE_IDENTIFIER = fd.NotesTests;
				PRODUCT_NAME = "$(TARGET_NAME)";
				SWIFT_EMIT_LOC_STRINGS = NO;
				SWIFT_VERSION = 5.0;
				TARGETED_DEVICE_FAMILY = "1,2";
				TEST_HOST = "$(BUILT_PRODUCTS_DIR)/Notes.app/$(BUNDLE_EXECUTABLE_FOLDER_PATH)/Notes";
			};
			name = Debug;
		};
		E00ECF512B9021D500D1DBAA /* Release */ = {
			isa = XCBuildConfiguration;
			buildSettings = {
				ALWAYS_EMBED_SWIFT_STANDARD_LIBRARIES = YES;
				BUNDLE_LOADER = "$(TEST_HOST)";
				CODE_SIGN_STYLE = Automatic;
				CURRENT_PROJECT_VERSION = 1;
				GENERATE_INFOPLIST_FILE = YES;
				IPHONEOS_DEPLOYMENT_TARGET = 17.0;
				MARKETING_VERSION = 1.0;
				PRODUCT_BUNDLE_IDENTIFIER = fd.NotesTests;
				PRODUCT_NAME = "$(TARGET_NAME)";
				SWIFT_EMIT_LOC_STRINGS = NO;
				SWIFT_VERSION = 5.0;
				TARGETED_DEVICE_FAMILY = "1,2";
				TEST_HOST = "$(BUILT_PRODUCTS_DIR)/Notes.app/$(BUNDLE_EXECUTABLE_FOLDER_PATH)/Notes";
			};
			name = Release;
		};
		E00ECF532B9021D500D1DBAA /* Debug */ = {
			isa = XCBuildConfiguration;
			buildSettings = {
				ALWAYS_EMBED_SWIFT_STANDARD_LIBRARIES = YES;
				CODE_SIGN_STYLE = Automatic;
				CURRENT_PROJECT_VERSION = 1;
				GENERATE_INFOPLIST_FILE = YES;
				MARKETING_VERSION = 1.0;
				PRODUCT_BUNDLE_IDENTIFIER = fd.NotesUITests;
				PRODUCT_NAME = "$(TARGET_NAME)";
				SWIFT_EMIT_LOC_STRINGS = NO;
				SWIFT_VERSION = 5.0;
				TARGETED_DEVICE_FAMILY = "1,2";
				TEST_TARGET_NAME = Notes;
			};
			name = Debug;
		};
		E00ECF542B9021D500D1DBAA /* Release */ = {
			isa = XCBuildConfiguration;
			buildSettings = {
				ALWAYS_EMBED_SWIFT_STANDARD_LIBRARIES = YES;
				CODE_SIGN_STYLE = Automatic;
				CURRENT_PROJECT_VERSION = 1;
				GENERATE_INFOPLIST_FILE = YES;
				MARKETING_VERSION = 1.0;
				PRODUCT_BUNDLE_IDENTIFIER = fd.NotesUITests;
				PRODUCT_NAME = "$(TARGET_NAME)";
				SWIFT_EMIT_LOC_STRINGS = NO;
				SWIFT_VERSION = 5.0;
				TARGETED_DEVICE_FAMILY = "1,2";
				TEST_TARGET_NAME = Notes;
			};
			name = Release;
		};
/* End XCBuildConfiguration section */

/* Begin XCConfigurationList section */
		E00ECF1D2B9021D200D1DBAA /* Build configuration list for PBXProject "Notes" */ = {
			isa = XCConfigurationList;
			buildConfigurations = (
				E00ECF4A2B9021D500D1DBAA /* Debug */,
				E00ECF4B2B9021D500D1DBAA /* Release */,
			);
			defaultConfigurationIsVisible = 0;
			defaultConfigurationName = Release;
		};
		E00ECF4C2B9021D500D1DBAA /* Build configuration list for PBXNativeTarget "Notes" */ = {
			isa = XCConfigurationList;
			buildConfigurations = (
				E00ECF4D2B9021D500D1DBAA /* Debug */,
				E00ECF4E2B9021D500D1DBAA /* Release */,
			);
			defaultConfigurationIsVisible = 0;
			defaultConfigurationName = Release;
		};
		E00ECF4F2B9021D500D1DBAA /* Build configuration list for PBXNativeTarget "NotesTests" */ = {
			isa = XCConfigurationList;
			buildConfigurations = (
				E00ECF502B9021D500D1DBAA /* Debug */,
				E00ECF512B9021D500D1DBAA /* Release */,
			);
			defaultConfigurationIsVisible = 0;
			defaultConfigurationName = Release;
		};
		E00ECF522B9021D500D1DBAA /* Build configuration list for PBXNativeTarget "NotesUITests" */ = {
			isa = XCConfigurationList;
			buildConfigurations = (
				E00ECF532B9021D500D1DBAA /* Debug */,
				E00ECF542B9021D500D1DBAA /* Release */,
			);
			defaultConfigurationIsVisible = 0;
			defaultConfigurationName = Release;
		};
/* End XCConfigurationList section */
	};
	rootObject = E00ECF1A2B9021D200D1DBAA /* Project object */;
}
